{
  "version": 4,
  "terraform_version": "0.12.24",
  "serial": 7,
  "lineage": "8eeddd61-1f88-3038-8672-d074204d81ad",
  "outputs": {},
  "resources": [
    {
      "mode": "managed",
      "type": "google_project",
      "name": "my_project",
      "provider": "provider.google",
      "instances": [
        {
          "schema_version": 1,
          "attributes": {
            "auto_create_network": true,
            "billing_account": "013CAA-2F6A8D-77E218",
            "folder_id": null,
            "id": "projects/gcp-vm-class1-26thapril-st",
            "labels": null,
            "name": "gcp-vm-class1-26thapril-st",
            "number": "202980289224",
            "org_id": null,
            "project_id": "gcp-vm-class1-26thapril-st",
            "skip_delete": null,
            "timeouts": null
          },
          "private": "eyJlMmJmYjczMC1lY2FhLTExZTYtOGY4OC0zNDM2M2JjN2M0YzAiOnsiY3JlYXRlIjo2MDAwMDAwMDAwMDAsImRlbGV0ZSI6NjAwMDAwMDAwMDAwLCJyZWFkIjo2MDAwMDAwMDAwMDAsInVwZGF0ZSI6NjAwMDAwMDAwMDAwfSwic2NoZW1hX3ZlcnNpb24iOiIxIn0="
        }
      ]
    },
    {
      "mode": "managed",
      "type": "google_project_service",
      "name": "project",
      "provider": "provider.google",
      "instances": [
        {
          "schema_version": 0,
          "attributes": {
            "disable_dependent_services": true,
            "disable_on_destroy": true,
            "id": "gcp-vm-class1-26thapril-st/compute.googleapis.com",
            "project": "gcp-vm-class1-26thapril-st",
            "service": "compute.googleapis.com",
            "timeouts": null
          },
          "private": "eyJlMmJmYjczMC1lY2FhLTExZTYtOGY4OC0zNDM2M2JjN2M0YzAiOnsiY3JlYXRlIjoxMjAwMDAwMDAwMDAwLCJkZWxldGUiOjEyMDAwMDAwMDAwMDAsInJlYWQiOjYwMDAwMDAwMDAwMCwidXBkYXRlIjoxMjAwMDAwMDAwMDAwfX0=",
          "dependencies": [
            "google_project.my_project"
          ]
        }
      ]
    },
    {
      "mode": "managed",
      "type": "google_service_account",
      "name": "service_account",
      "provider": "provider.google",
      "instances": [
        {
          "schema_version": 0,
          "attributes": {
            "account_id": "siperman-compute-st",
            "description": "",
            "display_name": "Service Account",
            "email": "siperman-compute-st@gcp-vm-class1-26thapril-st.iam.gserviceaccount.com",
            "id": "projects/gcp-vm-class1-26thapril-st/serviceAccounts/siperman-compute-st@gcp-vm-class1-26thapril-st.iam.gserviceaccount.com",
            "name": "projects/gcp-vm-class1-26thapril-st/serviceAccounts/siperman-compute-st@gcp-vm-class1-26thapril-st.iam.gserviceaccount.com",
            "project": "gcp-vm-class1-26thapril-st",
            "timeouts": null,
            "unique_id": "111139238529859034131"
          },
          "private": "eyJlMmJmYjczMC1lY2FhLTExZTYtOGY4OC0zNDM2M2JjN2M0YzAiOnsiY3JlYXRlIjozMDAwMDAwMDAwMDB9fQ==",
          "dependencies": [
            "google_project.my_project"
          ]
        }
      ]
    }
  ]
}
