{
  "version": 4,
  "terraform_version": "0.12.24",
  "serial": 6,
  "lineage": "ffddbf3e-4778-95e3-2cbe-a89c82cc9134",
  "outputs": {
    "google_service_account_user_email": {
      "value": {
        "account_id": "siperman-compute-dev",
        "description": "",
        "display_name": "Service Account",
        "email": "siperman-compute-dev@gcp-vm-class1-26thapril-dev.iam.gserviceaccount.com",
        "id": "projects/gcp-vm-class1-26thapril-dev/serviceAccounts/siperman-compute-dev@gcp-vm-class1-26thapril-dev.iam.gserviceaccount.com",
        "name": "projects/gcp-vm-class1-26thapril-dev/serviceAccounts/siperman-compute-dev@gcp-vm-class1-26thapril-dev.iam.gserviceaccount.com",
        "project": "gcp-vm-class1-26thapril-dev",
        "timeouts": null,
        "unique_id": "110608066801380877758"
      },
      "type": [
        "object",
        {
          "account_id": "string",
          "description": "string",
          "display_name": "string",
          "email": "string",
          "id": "string",
          "name": "string",
          "project": "string",
          "timeouts": [
            "object",
            {
              "create": "string"
            }
          ],
          "unique_id": "string"
        }
      ]
    }
  },
  "resources": [
    {
      "mode": "managed",
      "type": "google_project",
      "name": "my_project",
      "provider": "provider.google",
      "instances": [
        {
          "schema_version": 1,
          "attributes": {
            "auto_create_network": true,
            "billing_account": "013CAA-2F6A8D-77E218",
            "folder_id": null,
            "id": "projects/gcp-vm-class1-26thapril-dev",
            "labels": {},
            "name": "gcp-vm-class1-26thapril-dev",
            "number": "294749504335",
            "org_id": null,
            "project_id": "gcp-vm-class1-26thapril-dev",
            "skip_delete": null,
            "timeouts": null
          },
          "private": "eyJlMmJmYjczMC1lY2FhLTExZTYtOGY4OC0zNDM2M2JjN2M0YzAiOnsiY3JlYXRlIjo2MDAwMDAwMDAwMDAsImRlbGV0ZSI6NjAwMDAwMDAwMDAwLCJyZWFkIjo2MDAwMDAwMDAwMDAsInVwZGF0ZSI6NjAwMDAwMDAwMDAwfSwic2NoZW1hX3ZlcnNpb24iOiIxIn0="
        }
      ]
    },
    {
      "mode": "managed",
      "type": "google_project_iam_member",
      "name": "compute",
      "provider": "provider.google",
      "instances": [
        {
          "schema_version": 0,
          "attributes": {
            "condition": [],
            "etag": "BwXA3uTufCA=",
            "id": "gcp-vm-class1-26thapril-dev/roles/compute.admin/serviceAccount:siperman-compute-dev@gcp-vm-class1-26thapril-dev.iam.gserviceaccount.com",
            "member": "serviceAccount:siperman-compute-dev@gcp-vm-class1-26thapril-dev.iam.gserviceaccount.com",
            "project": "gcp-vm-class1-26thapril-dev",
            "role": "roles/compute.admin"
          },
          "private": "bnVsbA==",
          "dependencies": [
            "google_project.my_project",
            "google_service_account.service_account"
          ]
        }
      ]
    },
    {
      "mode": "managed",
      "type": "google_project_service",
      "name": "project",
      "provider": "provider.google",
      "instances": [
        {
          "schema_version": 0,
          "attributes": {
            "disable_dependent_services": true,
            "disable_on_destroy": true,
            "id": "gcp-vm-class1-26thapril-dev/compute.googleapis.com",
            "project": "gcp-vm-class1-26thapril-dev",
            "service": "compute.googleapis.com",
            "timeouts": null
          },
          "private": "eyJlMmJmYjczMC1lY2FhLTExZTYtOGY4OC0zNDM2M2JjN2M0YzAiOnsiY3JlYXRlIjoxMjAwMDAwMDAwMDAwLCJkZWxldGUiOjEyMDAwMDAwMDAwMDAsInJlYWQiOjYwMDAwMDAwMDAwMCwidXBkYXRlIjoxMjAwMDAwMDAwMDAwfX0=",
          "dependencies": [
            "google_project.my_project"
          ]
        }
      ]
    },
    {
      "mode": "managed",
      "type": "google_service_account",
      "name": "service_account",
      "provider": "provider.google",
      "instances": [
        {
          "schema_version": 0,
          "attributes": {
            "account_id": "siperman-compute-dev",
            "description": "",
            "display_name": "Service Account",
            "email": "siperman-compute-dev@gcp-vm-class1-26thapril-dev.iam.gserviceaccount.com",
            "id": "projects/gcp-vm-class1-26thapril-dev/serviceAccounts/siperman-compute-dev@gcp-vm-class1-26thapril-dev.iam.gserviceaccount.com",
            "name": "projects/gcp-vm-class1-26thapril-dev/serviceAccounts/siperman-compute-dev@gcp-vm-class1-26thapril-dev.iam.gserviceaccount.com",
            "project": "gcp-vm-class1-26thapril-dev",
            "timeouts": null,
            "unique_id": "110608066801380877758"
          },
          "private": "eyJlMmJmYjczMC1lY2FhLTExZTYtOGY4OC0zNDM2M2JjN2M0YzAiOnsiY3JlYXRlIjozMDAwMDAwMDAwMDB9fQ==",
          "dependencies": [
            "google_project.my_project"
          ]
        }
      ]
    }
  ]
}
